{
  "requires": true,
  "lockfileVersion": 1,
  "dependencies": {
    "bootstrap": {
      "version": "4.5.3",
      "resolved": "https://registry.npmjs.org/bootstrap/-/bootstrap-4.5.3.tgz",
      "integrity": "sha512-o9ppKQioXGqhw8Z7mah6KdTYpNQY//tipnkxppWhPbiSWdD+1raYsnhwEZjkTHYbGee4cVQ0Rx65EhOY/HNLcQ=="
    },
    "ngx-bootstrap": {
      "version": "6.1.0",
      "resolved": "https://registry.npmjs.org/ngx-bootstrap/-/ngx-bootstrap-6.1.0.tgz",
      "integrity": "sha512-IDHPO3WE7YYhLZ7jnrH1wmMORhthoyHn6Gbl27FvXksG0OlTm5x8CyK5+EQfnDfxBEElju8n4Tfb8ga3aJYFTA=="
    }
  }
}
